
Microsoft Visual Studio Solution File, Format Version 12.00
# Visual Studio Version 16
VisualStudioVersion = 16.0.30804.86
MinimumVisualStudioVersion = 10.0.40219.1
Project("{8BC9CEB8-8B4A-11D0-8D11-00A0C91BC942}") = "oop2.8", "oop2.8\oop2.8.vcxproj", "{C64BA2BD-EDBB-410C-916F-D57BB857B0B3}"
EndProject
Project("{8BC9CEB8-8B4A-11D0-8D11-00A0C91BC942}") = "UnitTest2_8", "UnitTest2_8\UnitTest2_8.vcxproj", "{B928C19D-618F-4932-9C92-33903D087E00}"
EndProject
Global
	GlobalSection(SolutionConfigurationPlatforms) = preSolution
		Debug|x64 = Debug|x64
		Debug|x86 = Debug|x86
		Release|x64 = Release|x64
		Release|x86 = Release|x86
	EndGlobalSection
	GlobalSection(ProjectConfigurationPlatforms) = postSolution
		{C64BA2BD-EDBB-410C-916F-D57BB857B0B3}.Debug|x64.ActiveCfg = Debug|x64
		{C64BA2BD-EDBB-410C-916F-D57BB857B0B3}.Debug|x64.Build.0 = Debug|x64
		{C64BA2BD-EDBB-410C-916F-D57BB857B0B3}.Debug|x86.ActiveCfg = Debug|Win32
		{C64BA2BD-EDBB-410C-916F-D57BB857B0B3}.Debug|x86.Build.0 = Debug|Win32
		{C64BA2BD-EDBB-410C-916F-D57BB857B0B3}.Release|x64.ActiveCfg = Release|x64
		{C64BA2BD-EDBB-410C-916F-D57BB857B0B3}.Release|x64.Build.0 = Release|x64
		{C64BA2BD-EDBB-410C-916F-D57BB857B0B3}.Release|x86.ActiveCfg = Release|Win32
		{C64BA2BD-EDBB-410C-916F-D57BB857B0B3}.Release|x86.Build.0 = Release|Win32
		{B928C19D-618F-4932-9C92-33903D087E00}.Debug|x64.ActiveCfg = Debug|x64
		{B928C19D-618F-4932-9C92-33903D087E00}.Debug|x64.Build.0 = Debug|x64
		{B928C19D-618F-4932-9C92-33903D087E00}.Debug|x86.ActiveCfg = Debug|Win32
		{B928C19D-618F-4932-9C92-33903D087E00}.Debug|x86.Build.0 = Debug|Win32
		{B928C19D-618F-4932-9C92-33903D087E00}.Release|x64.ActiveCfg = Release|x64
		{B928C19D-618F-4932-9C92-33903D087E00}.Release|x64.Build.0 = Release|x64
		{B928C19D-618F-4932-9C92-33903D087E00}.Release|x86.ActiveCfg = Release|Win32
		{B928C19D-618F-4932-9C92-33903D087E00}.Release|x86.Build.0 = Release|Win32
	EndGlobalSection
	GlobalSection(SolutionProperties) = preSolution
		HideSolutionNode = FALSE
	EndGlobalSection
	GlobalSection(ExtensibilityGlobals) = postSolution
		SolutionGuid = {267ED8E2-BB64-42EE-A7B7-5FA2DD89E86F}
	EndGlobalSection
EndGlobal
